
Microsoft Visual Studio Solution File, Format Version 12.00
# Visual Studio Version 16
VisualStudioVersion = 16.0.32407.337
MinimumVisualStudioVersion = 10.0.40219.1
Project("{FAE04EC0-301F-11D3-BF4B-00C04F79EFBC}") = "KarlanTravels_Adm", "KarlanTravels_Adm.csproj", "{2197449E-78C0-4C8E-9A4F-F602FAABC589}"
EndProject
Global
	GlobalSection(SolutionConfigurationPlatforms) = preSolution
		Debug|Any CPU = Debug|Any CPU
		Release|Any CPU = Release|Any CPU
	EndGlobalSection
	GlobalSection(ProjectConfigurationPlatforms) = postSolution
		{2197449E-78C0-4C8E-9A4F-F602FAABC589}.Debug|Any CPU.ActiveCfg = Debug|Any CPU
		{2197449E-78C0-4C8E-9A4F-F602FAABC589}.Debug|Any CPU.Build.0 = Debug|Any CPU
		{2197449E-78C0-4C8E-9A4F-F602FAABC589}.Release|Any CPU.ActiveCfg = Release|Any CPU
		{2197449E-78C0-4C8E-9A4F-F602FAABC589}.Release|Any CPU.Build.0 = Release|Any CPU
	EndGlobalSection
	GlobalSection(SolutionProperties) = preSolution
		HideSolutionNode = FALSE
	EndGlobalSection
	GlobalSection(ExtensibilityGlobals) = postSolution
		SolutionGuid = {05B72A00-72EC-4744-BAE1-8EDAF4A6B117}
	EndGlobalSection
EndGlobal
